{
  "name": "volt-iroh-sidecar-poc",
  "version": "0.0.0",
  "lockfileVersion": 3,
  "requires": true,
  "packages": {
    "": {
      "name": "volt-iroh-sidecar-poc",
      "version": "0.0.0",
      "dependencies": {
        "@number0/iroh": "1.0.0",
        "proper-lockfile": "4.1.2"
      }
    },
    "node_modules/@number0/iroh": {
      "version": "1.0.0",
      "resolved": "https://registry.npmjs.org/@number0/iroh/-/iroh-1.0.0.tgz",
      "integrity": "sha512-QeuRYxfLPm8HGbWKYpZZA//hCn8J+WO8hVrEAU2VQG0BLnfHTX9tcqGbQJLzcePFdtFVVXVIkm3IkSAUWajOXg==",
      "license": "MIT OR Apache-2.0",
      "engines": {
        "node": ">= 20.3.0"
      },
      "optionalDependencies": {
        "@number0/iroh-android-arm-eabi": "1.0.0",
        "@number0/iroh-android-arm64": "1.0.0",
        "@number0/iroh-darwin-arm64": "1.0.0",
        "@number0/iroh-linux-arm-gnueabihf": "1.0.0",
        "@number0/iroh-linux-arm-musleabihf": "1.0.0",
        "@number0/iroh-linux-arm64-gnu": "1.0.0",
        "@number0/iroh-linux-arm64-musl": "1.0.0",
        "@number0/iroh-linux-x64-gnu": "1.0.0",
        "@number0/iroh-linux-x64-musl": "1.0.0",
        "@number0/iroh-win32-arm64-msvc": "1.0.0",
        "@number0/iroh-win32-x64-msvc": "1.0.0"
      }
    },
    "node_modules/@number0/iroh-android-arm-eabi": {
      "version": "1.0.0",
      "resolved": "https://registry.npmjs.org/@number0/iroh-android-arm-eabi/-/iroh-android-arm-eabi-1.0.0.tgz",
      "integrity": "sha512-AkrdmoQ2YhC+X0JgD14SNE+KOSGLKC8z5HSWnPY5tvSXrASPbwCtvWFCVmyPKWj2kQHv0blMI5lBGeGFe+v54w==",
      "cpu": [
        "arm"
      ],
      "license": "MIT",
      "optional": true,
      "os": [
        "android"
      ],
      "engines": {
        "node": ">= 10"
      }
    },
    "node_modules/@number0/iroh-android-arm64": {
      "version": "1.0.0",
      "resolved": "https://registry.npmjs.org/@number0/iroh-android-arm64/-/iroh-android-arm64-1.0.0.tgz",
      "integrity": "sha512-EkZh6hl5XJ1JQlWWANc2yDdScP5yGbi9IlF9bttd4DuUelAI8yqEMzXq4YdPB0kQqPlmPk8nEGLEtPWbVCNTLg==",
      "cpu": [
        "arm64"
      ],
      "license": "MIT",
      "optional": true,
      "os": [
        "android"
      ],
      "engines": {
        "node": ">= 10"
      }
    },
    "node_modules/@number0/iroh-darwin-arm64": {
      "version": "1.0.0",
      "resolved": "https://registry.npmjs.org/@number0/iroh-darwin-arm64/-/iroh-darwin-arm64-1.0.0.tgz",
      "integrity": "sha512-zmf9CE1l6TWy9zDlNs3EvcxPxHfVQKvkod7wuF6llkGi/2WaSRc+x1vaaMEfpguaxnRfP4NNvIKyy8Ni4imIQg==",
      "cpu": [
        "arm64"
      ],
      "license": "MIT",
      "optional": true,
      "os": [
        "darwin"
      ],
      "engines": {
        "node": ">= 10"
      }
    },
    "node_modules/@number0/iroh-linux-arm-gnueabihf": {
      "version": "1.0.0",
      "resolved": "https://registry.npmjs.org/@number0/iroh-linux-arm-gnueabihf/-/iroh-linux-arm-gnueabihf-1.0.0.tgz",
      "integrity": "sha512-obp3eZIJrOGD0rUL1Y0SSCFUNa6NQAsZS+z2khmurqD/rOIIjzvVNYakS4+MEWQLzF1acuUvN7aprHAceUkiuQ==",
      "cpu": [
        "arm"
      ],
      "license": "MIT",
      "optional": true,
      "os": [
        "linux"
      ],
      "engines": {
        "node": ">= 10"
      }
    },
    "node_modules/@number0/iroh-linux-arm-musleabihf": {
      "version": "1.0.0",
      "resolved": "https://registry.npmjs.org/@number0/iroh-linux-arm-musleabihf/-/iroh-linux-arm-musleabihf-1.0.0.tgz",
      "integrity": "sha512-5OXTzmdej7CPaQCReg3vf0/jDCRdVgiOsbC0gcyoPBOdNPs7tZgSoXRBQsod7ioObrjegPM2UfvdF+bIyGst4Q==",
      "cpu": [
        "arm"
      ],
      "license": "MIT",
      "optional": true,
      "os": [
        "linux"
      ],
      "engines": {
        "node": ">= 10"
      }
    },
    "node_modules/@number0/iroh-linux-arm64-gnu": {
      "version": "1.0.0",
      "resolved": "https://registry.npmjs.org/@number0/iroh-linux-arm64-gnu/-/iroh-linux-arm64-gnu-1.0.0.tgz",
      "integrity": "sha512-whQ36eFP+9aYRJxpZn/Q35EVlvEJm45AFSO2mfctVYvZFJKC/YjZWue4p60VWuW4/yBdjBTErwUum5mMppoeLQ==",
      "cpu": [
        "arm64"
      ],
      "license": "MIT",
      "optional": true,
      "os": [
        "linux"
      ],
      "engines": {
        "node": ">= 10"
      }
    },
    "node_modules/@number0/iroh-linux-arm64-musl": {
      "version": "1.0.0",
      "resolved": "https://registry.npmjs.org/@number0/iroh-linux-arm64-musl/-/iroh-linux-arm64-musl-1.0.0.tgz",
      "integrity": "sha512-Xb4Yy9I2MXlv2SeZZcEIkJIgG1do+5F4R5GkXb4L0if/5vTuuKj7KGQE/ehaIJjNcv+TE+KIOhUvGCxO02l7Nw==",
      "cpu": [
        "arm64"
      ],
      "license": "MIT",
      "optional": true,
      "os": [
        "linux"
      ],
      "engines": {
        "node": ">= 10"
      }
    },
    "node_modules/@number0/iroh-linux-x64-gnu": {
      "version": "1.0.0",
      "resolved": "https://registry.npmjs.org/@number0/iroh-linux-x64-gnu/-/iroh-linux-x64-gnu-1.0.0.tgz",
      "integrity": "sha512-ZOOWURPAWhnBmj5ElLaB/wCjoWNdrjOblaOs0YViW+dlTc5qwInSGJdYEDRdSoZ61MIP0gI2H9EwENe8UYWRcg==",
      "cpu": [
        "x64"
      ],
      "license": "MIT",
      "optional": true,
      "os": [
        "linux"
      ],
      "engines": {
        "node": ">= 10"
      }
    },
    "node_modules/@number0/iroh-linux-x64-musl": {
      "version": "1.0.0",
      "resolved": "https://registry.npmjs.org/@number0/iroh-linux-x64-musl/-/iroh-linux-x64-musl-1.0.0.tgz",
      "integrity": "sha512-sJzuehJ9BnuZe4lnP6cWA1wDedC+rbOiI/Hu4V9BGTUE50Z/s28rXDQFJCqVWz1qseXCqHYQ/Jt3U1XdX+Gmtw==",
      "cpu": [
        "x64"
      ],
      "license": "MIT",
      "optional": true,
      "os": [
        "linux"
      ],
      "engines": {
        "node": ">= 10"
      }
    },
    "node_modules/@number0/iroh-win32-arm64-msvc": {
      "version": "1.0.0",
      "resolved": "https://registry.npmjs.org/@number0/iroh-win32-arm64-msvc/-/iroh-win32-arm64-msvc-1.0.0.tgz",
      "integrity": "sha512-7KgpUvinndcJnQgbYdV0zs7nGTxKi9zZDBxyTX9PRlQm/9TfTDZhSkur+sZYW2xca2P31XGkjZYZ78yAjYviqQ==",
      "cpu": [
        "arm64"
      ],
      "license": "MIT",
      "optional": true,
      "os": [
        "win32"
      ],
      "engines": {
        "node": ">= 10"
      }
    },
    "node_modules/@number0/iroh-win32-x64-msvc": {
      "version": "1.0.0",
      "resolved": "https://registry.npmjs.org/@number0/iroh-win32-x64-msvc/-/iroh-win32-x64-msvc-1.0.0.tgz",
      "integrity": "sha512-mNgHds9US3IWfrvZn+yBuyE/kjrM//jSFpWn1llu3aiNgGq8Rf7yW2TJWvmrFT+eeTi2osOsh1nJfykXTe9xYQ==",
      "cpu": [
        "x64"
      ],
      "license": "MIT",
      "optional": true,
      "os": [
        "win32"
      ],
      "engines": {
        "node": ">= 10"
      }
    },
    "node_modules/graceful-fs": {
      "version": "4.2.11",
      "resolved": "https://registry.npmjs.org/graceful-fs/-/graceful-fs-4.2.11.tgz",
      "integrity": "sha512-RbJ5/jmFcNNCcDV5o9eTnBLJ/HszWV0P73bc+Ff4nS/rJj+YaS6IGyiOL0VoBYX+l1Wrl3k63h/KrH+nhJ0XvQ==",
      "license": "ISC"
    },
    "node_modules/proper-lockfile": {
      "version": "4.1.2",
      "resolved": "https://registry.npmjs.org/proper-lockfile/-/proper-lockfile-4.1.2.tgz",
      "integrity": "sha512-TjNPblN4BwAWMXU8s9AEz4JmQxnD1NNL7bNOY/AKUzyamc379FWASUhc/K1pL2noVb+XmZKLL68cjzLsiOAMaA==",
      "license": "MIT",
      "dependencies": {
        "graceful-fs": "^4.2.4",
        "retry": "^0.12.0",
        "signal-exit": "^3.0.2"
      }
    },
    "node_modules/retry": {
      "version": "0.12.0",
      "resolved": "https://registry.npmjs.org/retry/-/retry-0.12.0.tgz",
      "integrity": "sha512-9LkiTwjUh6rT555DtE9rTX+BKByPfrMzEAtnlEtdEwr3Nkffwiihqe2bWADg+OQRjt9gl6ICdmB/ZFDCGAtSow==",
      "license": "MIT",
      "engines": {
        "node": ">= 4"
      }
    },
    "node_modules/signal-exit": {
      "version": "3.0.7",
      "resolved": "https://registry.npmjs.org/signal-exit/-/signal-exit-3.0.7.tgz",
      "integrity": "sha512-wnD2ZE+l+SPC/uoS0vXeE9L1+0wuaMqKlfz9AMUo38JsyLSBWSFcHR1Rri62LZc12vLr1gb3jl7iwQhgwpAbGQ==",
      "license": "ISC"
    }
  }
}
